
Microsoft Visual Studio Solution File, Format Version 12.00
# Visual Studio 15
VisualStudioVersion = 15.0.28010.2048
MinimumVisualStudioVersion = 10.0.40219.1
Project("{9A19103F-16F7-4668-BE54-9A1E7A4F7556}") = "TTHotel.API", "TTHotelManagement\TTHotel.API.csproj", "{4484E0A4-E84C-4309-9DF5-66B692326B22}"
EndProject
Project("{FAE04EC0-301F-11D3-BF4B-00C04F79EFBC}") = "TTHohel", "TTHohel\TTHohel.csproj", "{61DEC4B5-CCCE-4108-B8F4-6771532D72FD}"
EndProject
Project("{FAE04EC0-301F-11D3-BF4B-00C04F79EFBC}") = "TTHotel.Contracts", "TTHotel.Contracts\TTHotel.Contracts.csproj", "{E7A916A0-0003-4103-A92E-F522263D38EB}"
EndProject
Global
	GlobalSection(SolutionConfigurationPlatforms) = preSolution
		Debug|Any CPU = Debug|Any CPU
		Release|Any CPU = Release|Any CPU
	EndGlobalSection
	GlobalSection(ProjectConfigurationPlatforms) = postSolution
		{4484E0A4-E84C-4309-9DF5-66B692326B22}.Debug|Any CPU.ActiveCfg = Debug|Any CPU
		{4484E0A4-E84C-4309-9DF5-66B692326B22}.Debug|Any CPU.Build.0 = Debug|Any CPU
		{4484E0A4-E84C-4309-9DF5-66B692326B22}.Release|Any CPU.ActiveCfg = Release|Any CPU
		{4484E0A4-E84C-4309-9DF5-66B692326B22}.Release|Any CPU.Build.0 = Release|Any CPU
		{61DEC4B5-CCCE-4108-B8F4-6771532D72FD}.Debug|Any CPU.ActiveCfg = Debug|Any CPU
		{61DEC4B5-CCCE-4108-B8F4-6771532D72FD}.Debug|Any CPU.Build.0 = Debug|Any CPU
		{61DEC4B5-CCCE-4108-B8F4-6771532D72FD}.Release|Any CPU.ActiveCfg = Release|Any CPU
		{61DEC4B5-CCCE-4108-B8F4-6771532D72FD}.Release|Any CPU.Build.0 = Release|Any CPU
		{E7A916A0-0003-4103-A92E-F522263D38EB}.Debug|Any CPU.ActiveCfg = Debug|Any CPU
		{E7A916A0-0003-4103-A92E-F522263D38EB}.Debug|Any CPU.Build.0 = Debug|Any CPU
		{E7A916A0-0003-4103-A92E-F522263D38EB}.Release|Any CPU.ActiveCfg = Release|Any CPU
		{E7A916A0-0003-4103-A92E-F522263D38EB}.Release|Any CPU.Build.0 = Release|Any CPU
	EndGlobalSection
	GlobalSection(SolutionProperties) = preSolution
		HideSolutionNode = FALSE
	EndGlobalSection
	GlobalSection(ExtensibilityGlobals) = postSolution
		SolutionGuid = {391143E9-2F77-4AB7-9D70-01C157A5C1A4}
	EndGlobalSection
EndGlobal
